
Microsoft Visual Studio Solution File, Format Version 12.00
# Visual Studio Version 17
VisualStudioVersion = 17.0.31919.166
MinimumVisualStudioVersion = 10.0.40219.1
Project("{8BC9CEB8-8B4A-11D0-8D11-00A0C91BC942}") = "Bit 3d surface randering", "Bit 3d surface randering\Bit 3d surface randering.vcxproj", "{B5D96E41-F3A4-4D3B-9112-4913E6FF32AA}"
EndProject
Global
	GlobalSection(SolutionConfigurationPlatforms) = preSolution
		Debug|x64 = Debug|x64
		Debug|x86 = Debug|x86
		Release|x64 = Release|x64
		Release|x86 = Release|x86
	EndGlobalSection
	GlobalSection(ProjectConfigurationPlatforms) = postSolution
		{B5D96E41-F3A4-4D3B-9112-4913E6FF32AA}.Debug|x64.ActiveCfg = Debug|x64
		{B5D96E41-F3A4-4D3B-9112-4913E6FF32AA}.Debug|x64.Build.0 = Debug|x64
		{B5D96E41-F3A4-4D3B-9112-4913E6FF32AA}.Debug|x86.ActiveCfg = Debug|Win32
		{B5D96E41-F3A4-4D3B-9112-4913E6FF32AA}.Debug|x86.Build.0 = Debug|Win32
		{B5D96E41-F3A4-4D3B-9112-4913E6FF32AA}.Release|x64.ActiveCfg = Release|x64
		{B5D96E41-F3A4-4D3B-9112-4913E6FF32AA}.Release|x64.Build.0 = Release|x64
		{B5D96E41-F3A4-4D3B-9112-4913E6FF32AA}.Release|x86.ActiveCfg = Release|Win32
		{B5D96E41-F3A4-4D3B-9112-4913E6FF32AA}.Release|x86.Build.0 = Release|Win32
	EndGlobalSection
	GlobalSection(SolutionProperties) = preSolution
		HideSolutionNode = FALSE
	EndGlobalSection
	GlobalSection(ExtensibilityGlobals) = postSolution
		SolutionGuid = {FFFACC99-7DCC-44AD-AA45-2356B46C9144}
	EndGlobalSection
EndGlobal
